
Microsoft Visual Studio Solution File, Format Version 11.00
# Visual Studio 2010
Project("{FAE04EC0-301F-11D3-BF4B-00C04F79EFBC}") = "WebApiProof", "WebApiProof\WebApiProof.csproj", "{21DA4ABF-EDE8-43F9-A8A8-458805CDFA76}"
EndProject
Project("{FAE04EC0-301F-11D3-BF4B-00C04F79EFBC}") = "WebApiProof.Tests", "WebApiProof.Tests\WebApiProof.Tests.csproj", "{9D02620E-C5FB-47DB-AD01-C7BA751753ED}"
EndProject
Project("{FAE04EC0-301F-11D3-BF4B-00C04F79EFBC}") = "OauthProof", "OauthProof\OauthProof.csproj", "{0C485B3C-2380-4E3A-B72C-5ECA14AABE2C}"
EndProject
Project("{FAE04EC0-301F-11D3-BF4B-00C04F79EFBC}") = "OauthProof.Tests", "OauthProof.Tests\OauthProof.Tests.csproj", "{749792D7-FE78-4A7C-8F93-C738B8807C4C}"
EndProject
Global
	GlobalSection(SolutionConfigurationPlatforms) = preSolution
		Debug|Any CPU = Debug|Any CPU
		Release|Any CPU = Release|Any CPU
	EndGlobalSection
	GlobalSection(ProjectConfigurationPlatforms) = postSolution
		{21DA4ABF-EDE8-43F9-A8A8-458805CDFA76}.Debug|Any CPU.ActiveCfg = Debug|Any CPU
		{21DA4ABF-EDE8-43F9-A8A8-458805CDFA76}.Debug|Any CPU.Build.0 = Debug|Any CPU
		{21DA4ABF-EDE8-43F9-A8A8-458805CDFA76}.Release|Any CPU.ActiveCfg = Release|Any CPU
		{21DA4ABF-EDE8-43F9-A8A8-458805CDFA76}.Release|Any CPU.Build.0 = Release|Any CPU
		{9D02620E-C5FB-47DB-AD01-C7BA751753ED}.Debug|Any CPU.ActiveCfg = Debug|Any CPU
		{9D02620E-C5FB-47DB-AD01-C7BA751753ED}.Debug|Any CPU.Build.0 = Debug|Any CPU
		{9D02620E-C5FB-47DB-AD01-C7BA751753ED}.Release|Any CPU.ActiveCfg = Release|Any CPU
		{9D02620E-C5FB-47DB-AD01-C7BA751753ED}.Release|Any CPU.Build.0 = Release|Any CPU
		{0C485B3C-2380-4E3A-B72C-5ECA14AABE2C}.Debug|Any CPU.ActiveCfg = Debug|Any CPU
		{0C485B3C-2380-4E3A-B72C-5ECA14AABE2C}.Debug|Any CPU.Build.0 = Debug|Any CPU
		{0C485B3C-2380-4E3A-B72C-5ECA14AABE2C}.Release|Any CPU.ActiveCfg = Release|Any CPU
		{0C485B3C-2380-4E3A-B72C-5ECA14AABE2C}.Release|Any CPU.Build.0 = Release|Any CPU
		{749792D7-FE78-4A7C-8F93-C738B8807C4C}.Debug|Any CPU.ActiveCfg = Debug|Any CPU
		{749792D7-FE78-4A7C-8F93-C738B8807C4C}.Debug|Any CPU.Build.0 = Debug|Any CPU
		{749792D7-FE78-4A7C-8F93-C738B8807C4C}.Release|Any CPU.ActiveCfg = Release|Any CPU
		{749792D7-FE78-4A7C-8F93-C738B8807C4C}.Release|Any CPU.Build.0 = Release|Any CPU
	EndGlobalSection
	GlobalSection(SolutionProperties) = preSolution
		HideSolutionNode = FALSE
	EndGlobalSection
EndGlobal
